
Microsoft Visual Studio Solution File, Format Version 12.00
# Visual Studio Version 17
VisualStudioVersion = 17.0.31903.59
MinimumVisualStudioVersion = 10.0.40219.1
Project("{2150E333-8FDC-42A3-9474-1A3956D46DE8}") = "src", "src", "{827E0CD3-B72D-47B6-A68D-7590B98EB39B}"
EndProject
Project("{FAE04EC0-301F-11D3-BF4B-00C04F79EFBC}") = "FixedIncome.Api", "src\FixedIncome.Api\FixedIncome.Api.csproj", "{C991BC47-B3C1-419C-96A8-081862B39251}"
EndProject
Project("{FAE04EC0-301F-11D3-BF4B-00C04F79EFBC}") = "FixedIncome.Application", "src\FixedIncome.Application\FixedIncome.Application.csproj", "{DFEFA343-3DAE-4E52-A05B-712E207EB479}"
EndProject
Project("{FAE04EC0-301F-11D3-BF4B-00C04F79EFBC}") = "FixedIncome.Core", "src\FixedIncome.Core\FixedIncome.Core.csproj", "{4A0AF626-6B26-4282-9B0E-6E85BF36A8BF}"
EndProject
Project("{FAE04EC0-301F-11D3-BF4B-00C04F79EFBC}") = "FixedIncome.Infrastructure", "src\FixedIncome.Infrastructure\FixedIncome.Infrastructure.csproj", "{2BFCD959-12BA-4D6F-862D-A33D55BB755B}"
EndProject
Project("{2150E333-8FDC-42A3-9474-1A3956D46DE8}") = "tests", "tests", "{0AB3BF05-4346-4AA6-1389-037BE0695223}"
EndProject
Project("{FAE04EC0-301F-11D3-BF4B-00C04F79EFBC}") = "FixedIncome.Infrastructure.Tests", "tests\FixedIncome.Infrastructure.Tests\FixedIncome.Infrastructure.Tests.csproj", "{3F98DEEF-0195-4FDC-A66D-F4F8F2C0B42B}"
EndProject
Project("{FAE04EC0-301F-11D3-BF4B-00C04F79EFBC}") = "FixedIncome.Core.Tests", "tests\FixedIncome.Core.Tests\FixedIncome.Core.Tests.csproj", "{5CA85E7E-C7D3-4BAE-A501-5E82504B68A5}"
EndProject
Project("{FAE04EC0-301F-11D3-BF4B-00C04F79EFBC}") = "FixedIncome.Application.Tests", "tests\FixedIncome.Application.Tests\FixedIncome.Application.Tests.csproj", "{175BD867-7059-4930-9733-C351227A4FF9}"
EndProject
Project("{FAE04EC0-301F-11D3-BF4B-00C04F79EFBC}") = "FixedIncome.Api.Tests", "tests\FixedIncome.Api.Tests\FixedIncome.Api.Tests.csproj", "{CADA1EAF-40B9-4D5F-A543-31B3604C0625}"
EndProject
Global
	GlobalSection(SolutionConfigurationPlatforms) = preSolution
		Debug|Any CPU = Debug|Any CPU
		Debug|x64 = Debug|x64
		Debug|x86 = Debug|x86
		Release|Any CPU = Release|Any CPU
		Release|x64 = Release|x64
		Release|x86 = Release|x86
	EndGlobalSection
	GlobalSection(ProjectConfigurationPlatforms) = postSolution
		{C991BC47-B3C1-419C-96A8-081862B39251}.Debug|Any CPU.ActiveCfg = Debug|Any CPU
		{C991BC47-B3C1-419C-96A8-081862B39251}.Debug|Any CPU.Build.0 = Debug|Any CPU
		{C991BC47-B3C1-419C-96A8-081862B39251}.Debug|x64.ActiveCfg = Debug|Any CPU
		{C991BC47-B3C1-419C-96A8-081862B39251}.Debug|x64.Build.0 = Debug|Any CPU
		{C991BC47-B3C1-419C-96A8-081862B39251}.Debug|x86.ActiveCfg = Debug|Any CPU
		{C991BC47-B3C1-419C-96A8-081862B39251}.Debug|x86.Build.0 = Debug|Any CPU
		{C991BC47-B3C1-419C-96A8-081862B39251}.Release|Any CPU.ActiveCfg = Release|Any CPU
		{C991BC47-B3C1-419C-96A8-081862B39251}.Release|Any CPU.Build.0 = Release|Any CPU
		{C991BC47-B3C1-419C-96A8-081862B39251}.Release|x64.ActiveCfg = Release|Any CPU
		{C991BC47-B3C1-419C-96A8-081862B39251}.Release|x64.Build.0 = Release|Any CPU
		{C991BC47-B3C1-419C-96A8-081862B39251}.Release|x86.ActiveCfg = Release|Any CPU
		{C991BC47-B3C1-419C-96A8-081862B39251}.Release|x86.Build.0 = Release|Any CPU
		{DFEFA343-3DAE-4E52-A05B-712E207EB479}.Debug|Any CPU.ActiveCfg = Debug|Any CPU
		{DFEFA343-3DAE-4E52-A05B-712E207EB479}.Debug|Any CPU.Build.0 = Debug|Any CPU
		{DFEFA343-3DAE-4E52-A05B-712E207EB479}.Debug|x64.ActiveCfg = Debug|Any CPU
		{DFEFA343-3DAE-4E52-A05B-712E207EB479}.Debug|x64.Build.0 = Debug|Any CPU
		{DFEFA343-3DAE-4E52-A05B-712E207EB479}.Debug|x86.ActiveCfg = Debug|Any CPU
		{DFEFA343-3DAE-4E52-A05B-712E207EB479}.Debug|x86.Build.0 = Debug|Any CPU
		{DFEFA343-3DAE-4E52-A05B-712E207EB479}.Release|Any CPU.ActiveCfg = Release|Any CPU
		{DFEFA343-3DAE-4E52-A05B-712E207EB479}.Release|Any CPU.Build.0 = Release|Any CPU
		{DFEFA343-3DAE-4E52-A05B-712E207EB479}.Release|x64.ActiveCfg = Release|Any CPU
		{DFEFA343-3DAE-4E52-A05B-712E207EB479}.Release|x64.Build.0 = Release|Any CPU
		{DFEFA343-3DAE-4E52-A05B-712E207EB479}.Release|x86.ActiveCfg = Release|Any CPU
		{DFEFA343-3DAE-4E52-A05B-712E207EB479}.Release|x86.Build.0 = Release|Any CPU
		{4A0AF626-6B26-4282-9B0E-6E85BF36A8BF}.Debug|Any CPU.ActiveCfg = Debug|Any CPU
		{4A0AF626-6B26-4282-9B0E-6E85BF36A8BF}.Debug|Any CPU.Build.0 = Debug|Any CPU
		{4A0AF626-6B26-4282-9B0E-6E85BF36A8BF}.Debug|x64.ActiveCfg = Debug|Any CPU
		{4A0AF626-6B26-4282-9B0E-6E85BF36A8BF}.Debug|x64.Build.0 = Debug|Any CPU
		{4A0AF626-6B26-4282-9B0E-6E85BF36A8BF}.Debug|x86.ActiveCfg = Debug|Any CPU
		{4A0AF626-6B26-4282-9B0E-6E85BF36A8BF}.Debug|x86.Build.0 = Debug|Any CPU
		{4A0AF626-6B26-4282-9B0E-6E85BF36A8BF}.Release|Any CPU.ActiveCfg = Release|Any CPU
		{4A0AF626-6B26-4282-9B0E-6E85BF36A8BF}.Release|Any CPU.Build.0 = Release|Any CPU
		{4A0AF626-6B26-4282-9B0E-6E85BF36A8BF}.Release|x64.ActiveCfg = Release|Any CPU
		{4A0AF626-6B26-4282-9B0E-6E85BF36A8BF}.Release|x64.Build.0 = Release|Any CPU
		{4A0AF626-6B26-4282-9B0E-6E85BF36A8BF}.Release|x86.ActiveCfg = Release|Any CPU
		{4A0AF626-6B26-4282-9B0E-6E85BF36A8BF}.Release|x86.Build.0 = Release|Any CPU
		{2BFCD959-12BA-4D6F-862D-A33D55BB755B}.Debug|Any CPU.ActiveCfg = Debug|Any CPU
		{2BFCD959-12BA-4D6F-862D-A33D55BB755B}.Debug|Any CPU.Build.0 = Debug|Any CPU
		{2BFCD959-12BA-4D6F-862D-A33D55BB755B}.Debug|x64.ActiveCfg = Debug|Any CPU
		{2BFCD959-12BA-4D6F-862D-A33D55BB755B}.Debug|x64.Build.0 = Debug|Any CPU
		{2BFCD959-12BA-4D6F-862D-A33D55BB755B}.Debug|x86.ActiveCfg = Debug|Any CPU
		{2BFCD959-12BA-4D6F-862D-A33D55BB755B}.Debug|x86.Build.0 = Debug|Any CPU
		{2BFCD959-12BA-4D6F-862D-A33D55BB755B}.Release|Any CPU.ActiveCfg = Release|Any CPU
		{2BFCD959-12BA-4D6F-862D-A33D55BB755B}.Release|Any CPU.Build.0 = Release|Any CPU
		{2BFCD959-12BA-4D6F-862D-A33D55BB755B}.Release|x64.ActiveCfg = Release|Any CPU
		{2BFCD959-12BA-4D6F-862D-A33D55BB755B}.Release|x64.Build.0 = Release|Any CPU
		{2BFCD959-12BA-4D6F-862D-A33D55BB755B}.Release|x86.ActiveCfg = Release|Any CPU
		{2BFCD959-12BA-4D6F-862D-A33D55BB755B}.Release|x86.Build.0 = Release|Any CPU
		{3F98DEEF-0195-4FDC-A66D-F4F8F2C0B42B}.Debug|Any CPU.ActiveCfg = Debug|Any CPU
		{3F98DEEF-0195-4FDC-A66D-F4F8F2C0B42B}.Debug|Any CPU.Build.0 = Debug|Any CPU
		{3F98DEEF-0195-4FDC-A66D-F4F8F2C0B42B}.Debug|x64.ActiveCfg = Debug|Any CPU
		{3F98DEEF-0195-4FDC-A66D-F4F8F2C0B42B}.Debug|x64.Build.0 = Debug|Any CPU
		{3F98DEEF-0195-4FDC-A66D-F4F8F2C0B42B}.Debug|x86.ActiveCfg = Debug|Any CPU
		{3F98DEEF-0195-4FDC-A66D-F4F8F2C0B42B}.Debug|x86.Build.0 = Debug|Any CPU
		{3F98DEEF-0195-4FDC-A66D-F4F8F2C0B42B}.Release|Any CPU.ActiveCfg = Release|Any CPU
		{3F98DEEF-0195-4FDC-A66D-F4F8F2C0B42B}.Release|Any CPU.Build.0 = Release|Any CPU
		{3F98DEEF-0195-4FDC-A66D-F4F8F2C0B42B}.Release|x64.ActiveCfg = Release|Any CPU
		{3F98DEEF-0195-4FDC-A66D-F4F8F2C0B42B}.Release|x64.Build.0 = Release|Any CPU
		{3F98DEEF-0195-4FDC-A66D-F4F8F2C0B42B}.Release|x86.ActiveCfg = Release|Any CPU
		{3F98DEEF-0195-4FDC-A66D-F4F8F2C0B42B}.Release|x86.Build.0 = Release|Any CPU
		{5CA85E7E-C7D3-4BAE-A501-5E82504B68A5}.Debug|Any CPU.ActiveCfg = Debug|Any CPU
		{5CA85E7E-C7D3-4BAE-A501-5E82504B68A5}.Debug|Any CPU.Build.0 = Debug|Any CPU
		{5CA85E7E-C7D3-4BAE-A501-5E82504B68A5}.Debug|x64.ActiveCfg = Debug|Any CPU
		{5CA85E7E-C7D3-4BAE-A501-5E82504B68A5}.Debug|x64.Build.0 = Debug|Any CPU
		{5CA85E7E-C7D3-4BAE-A501-5E82504B68A5}.Debug|x86.ActiveCfg = Debug|Any CPU
		{5CA85E7E-C7D3-4BAE-A501-5E82504B68A5}.Debug|x86.Build.0 = Debug|Any CPU
		{5CA85E7E-C7D3-4BAE-A501-5E82504B68A5}.Release|Any CPU.ActiveCfg = Release|Any CPU
		{5CA85E7E-C7D3-4BAE-A501-5E82504B68A5}.Release|Any CPU.Build.0 = Release|Any CPU
		{5CA85E7E-C7D3-4BAE-A501-5E82504B68A5}.Release|x64.ActiveCfg = Release|Any CPU
		{5CA85E7E-C7D3-4BAE-A501-5E82504B68A5}.Release|x64.Build.0 = Release|Any CPU
		{5CA85E7E-C7D3-4BAE-A501-5E82504B68A5}.Release|x86.ActiveCfg = Release|Any CPU
		{5CA85E7E-C7D3-4BAE-A501-5E82504B68A5}.Release|x86.Build.0 = Release|Any CPU
		{175BD867-7059-4930-9733-C351227A4FF9}.Debug|Any CPU.ActiveCfg = Debug|Any CPU
		{175BD867-7059-4930-9733-C351227A4FF9}.Debug|Any CPU.Build.0 = Debug|Any CPU
		{175BD867-7059-4930-9733-C351227A4FF9}.Debug|x64.ActiveCfg = Debug|Any CPU
		{175BD867-7059-4930-9733-C351227A4FF9}.Debug|x64.Build.0 = Debug|Any CPU
		{175BD867-7059-4930-9733-C351227A4FF9}.Debug|x86.ActiveCfg = Debug|Any CPU
		{175BD867-7059-4930-9733-C351227A4FF9}.Debug|x86.Build.0 = Debug|Any CPU
		{175BD867-7059-4930-9733-C351227A4FF9}.Release|Any CPU.ActiveCfg = Release|Any CPU
		{175BD867-7059-4930-9733-C351227A4FF9}.Release|Any CPU.Build.0 = Release|Any CPU
		{175BD867-7059-4930-9733-C351227A4FF9}.Release|x64.ActiveCfg = Release|Any CPU
		{175BD867-7059-4930-9733-C351227A4FF9}.Release|x64.Build.0 = Release|Any CPU
		{175BD867-7059-4930-9733-C351227A4FF9}.Release|x86.ActiveCfg = Release|Any CPU
		{175BD867-7059-4930-9733-C351227A4FF9}.Release|x86.Build.0 = Release|Any CPU
		{CADA1EAF-40B9-4D5F-A543-31B3604C0625}.Debug|Any CPU.ActiveCfg = Debug|Any CPU
		{CADA1EAF-40B9-4D5F-A543-31B3604C0625}.Debug|Any CPU.Build.0 = Debug|Any CPU
		{CADA1EAF-40B9-4D5F-A543-31B3604C0625}.Debug|x64.ActiveCfg = Debug|Any CPU
		{CADA1EAF-40B9-4D5F-A543-31B3604C0625}.Debug|x64.Build.0 = Debug|Any CPU
		{CADA1EAF-40B9-4D5F-A543-31B3604C0625}.Debug|x86.ActiveCfg = Debug|Any CPU
		{CADA1EAF-40B9-4D5F-A543-31B3604C0625}.Debug|x86.Build.0 = Debug|Any CPU
		{CADA1EAF-40B9-4D5F-A543-31B3604C0625}.Release|Any CPU.ActiveCfg = Release|Any CPU
		{CADA1EAF-40B9-4D5F-A543-31B3604C0625}.Release|Any CPU.Build.0 = Release|Any CPU
		{CADA1EAF-40B9-4D5F-A543-31B3604C0625}.Release|x64.ActiveCfg = Release|Any CPU
		{CADA1EAF-40B9-4D5F-A543-31B3604C0625}.Release|x64.Build.0 = Release|Any CPU
		{CADA1EAF-40B9-4D5F-A543-31B3604C0625}.Release|x86.ActiveCfg = Release|Any CPU
		{CADA1EAF-40B9-4D5F-A543-31B3604C0625}.Release|x86.Build.0 = Release|Any CPU
	EndGlobalSection
	GlobalSection(SolutionProperties) = preSolution
		HideSolutionNode = FALSE
	EndGlobalSection
	GlobalSection(NestedProjects) = preSolution
		{C991BC47-B3C1-419C-96A8-081862B39251} = {827E0CD3-B72D-47B6-A68D-7590B98EB39B}
		{DFEFA343-3DAE-4E52-A05B-712E207EB479} = {827E0CD3-B72D-47B6-A68D-7590B98EB39B}
		{4A0AF626-6B26-4282-9B0E-6E85BF36A8BF} = {827E0CD3-B72D-47B6-A68D-7590B98EB39B}
		{2BFCD959-12BA-4D6F-862D-A33D55BB755B} = {827E0CD3-B72D-47B6-A68D-7590B98EB39B}
		{3F98DEEF-0195-4FDC-A66D-F4F8F2C0B42B} = {0AB3BF05-4346-4AA6-1389-037BE0695223}
		{5CA85E7E-C7D3-4BAE-A501-5E82504B68A5} = {0AB3BF05-4346-4AA6-1389-037BE0695223}
		{175BD867-7059-4930-9733-C351227A4FF9} = {0AB3BF05-4346-4AA6-1389-037BE0695223}
		{CADA1EAF-40B9-4D5F-A543-31B3604C0625} = {0AB3BF05-4346-4AA6-1389-037BE0695223}
	EndGlobalSection
EndGlobal
